
Microsoft Visual Studio Solution File, Format Version 12.00
# Visual Studio Version 17
VisualStudioVersion = 17.5.002.0
MinimumVisualStudioVersion = 10.0.40219.1
Project("{2150E333-8FDC-42A3-9474-1A3956D46DE8}") = "CsharpProjects", "CsharpProjects", "{47B7F204-80F0-486E-9123-790AE9B6EF62}"
EndProject
Project("{9A19103F-16F7-4668-BE54-9A1E7A4F7556}") = "TestProject", "CsharpProjects\TestProject\TestProject.csproj", "{74370AEB-7E4A-4B99-B5A9-B269CA7F077B}"
EndProject
Global
	GlobalSection(SolutionConfigurationPlatforms) = preSolution
		Debug|Any CPU = Debug|Any CPU
		Release|Any CPU = Release|Any CPU
	EndGlobalSection
	GlobalSection(ProjectConfigurationPlatforms) = postSolution
		{74370AEB-7E4A-4B99-B5A9-B269CA7F077B}.Debug|Any CPU.ActiveCfg = Debug|Any CPU
		{74370AEB-7E4A-4B99-B5A9-B269CA7F077B}.Debug|Any CPU.Build.0 = Debug|Any CPU
		{74370AEB-7E4A-4B99-B5A9-B269CA7F077B}.Release|Any CPU.ActiveCfg = Release|Any CPU
		{74370AEB-7E4A-4B99-B5A9-B269CA7F077B}.Release|Any CPU.Build.0 = Release|Any CPU
	EndGlobalSection
	GlobalSection(SolutionProperties) = preSolution
		HideSolutionNode = FALSE
	EndGlobalSection
	GlobalSection(NestedProjects) = preSolution
		{74370AEB-7E4A-4B99-B5A9-B269CA7F077B} = {47B7F204-80F0-486E-9123-790AE9B6EF62}
	EndGlobalSection
	GlobalSection(ExtensibilityGlobals) = postSolution
		SolutionGuid = {84CDC989-B083-4730-9BA3-F7548FAE68E3}
	EndGlobalSection
EndGlobal
