
Microsoft Visual Studio Solution File, Format Version 12.00
# Visual Studio Version 17
VisualStudioVersion = 17.5.002.0
MinimumVisualStudioVersion = 10.0.40219.1
Project("{2150E333-8FDC-42A3-9474-1A3956D46DE8}") = "CsharpProjects", "CsharpProjects", "{BF3B2875-6035-4DAA-8C49-02CF22C1EBB8}"
EndProject
Project("{9A19103F-16F7-4668-BE54-9A1E7A4F7556}") = "TestProject", "CsharpProjects\TestProject\TestProject.csproj", "{88DAE96D-AB05-45CD-93C9-91A335C0748F}"
EndProject
Global
	GlobalSection(SolutionConfigurationPlatforms) = preSolution
		Debug|Any CPU = Debug|Any CPU
		Release|Any CPU = Release|Any CPU
	EndGlobalSection
	GlobalSection(ProjectConfigurationPlatforms) = postSolution
		{88DAE96D-AB05-45CD-93C9-91A335C0748F}.Debug|Any CPU.ActiveCfg = Debug|Any CPU
		{88DAE96D-AB05-45CD-93C9-91A335C0748F}.Debug|Any CPU.Build.0 = Debug|Any CPU
		{88DAE96D-AB05-45CD-93C9-91A335C0748F}.Release|Any CPU.ActiveCfg = Release|Any CPU
		{88DAE96D-AB05-45CD-93C9-91A335C0748F}.Release|Any CPU.Build.0 = Release|Any CPU
	EndGlobalSection
	GlobalSection(SolutionProperties) = preSolution
		HideSolutionNode = FALSE
	EndGlobalSection
	GlobalSection(NestedProjects) = preSolution
		{88DAE96D-AB05-45CD-93C9-91A335C0748F} = {BF3B2875-6035-4DAA-8C49-02CF22C1EBB8}
	EndGlobalSection
	GlobalSection(ExtensibilityGlobals) = postSolution
		SolutionGuid = {78EE3BFF-89A3-48B6-99B6-F4A2152BF558}
	EndGlobalSection
EndGlobal
