
Microsoft Visual Studio Solution File, Format Version 12.00
# Visual Studio Version 17
VisualStudioVersion = 17.5.002.0
MinimumVisualStudioVersion = 10.0.40219.1
Project("{2150E333-8FDC-42A3-9474-1A3956D46DE8}") = "CsharpProjects", "CsharpProjects", "{AA2D9010-F32A-489F-A29A-B841C66B37CA}"
EndProject
Project("{9A19103F-16F7-4668-BE54-9A1E7A4F7556}") = "TestProject", "CsharpProjects\TestProject\TestProject.csproj", "{01924FDB-3A5D-481F-8583-DBFF035E08E8}"
EndProject
Global
	GlobalSection(SolutionConfigurationPlatforms) = preSolution
		Debug|Any CPU = Debug|Any CPU
		Release|Any CPU = Release|Any CPU
	EndGlobalSection
	GlobalSection(ProjectConfigurationPlatforms) = postSolution
		{01924FDB-3A5D-481F-8583-DBFF035E08E8}.Debug|Any CPU.ActiveCfg = Debug|Any CPU
		{01924FDB-3A5D-481F-8583-DBFF035E08E8}.Debug|Any CPU.Build.0 = Debug|Any CPU
		{01924FDB-3A5D-481F-8583-DBFF035E08E8}.Release|Any CPU.ActiveCfg = Release|Any CPU
		{01924FDB-3A5D-481F-8583-DBFF035E08E8}.Release|Any CPU.Build.0 = Release|Any CPU
	EndGlobalSection
	GlobalSection(SolutionProperties) = preSolution
		HideSolutionNode = FALSE
	EndGlobalSection
	GlobalSection(NestedProjects) = preSolution
		{01924FDB-3A5D-481F-8583-DBFF035E08E8} = {AA2D9010-F32A-489F-A29A-B841C66B37CA}
	EndGlobalSection
	GlobalSection(ExtensibilityGlobals) = postSolution
		SolutionGuid = {8B03A0FB-5462-4640-9AB8-064BB0BC288D}
	EndGlobalSection
EndGlobal
